// !$*UTF8*$!
{
	archiveVersion = 1;
	classes = {
	};
	objectVersion = 56;
	objects = {

/* Begin PBXBuildFile section */
		D03A04C429D6E527001E64B1 /* EditFavoriteView.swift in Sources */ = {isa = PBXBuildFile; fileRef = D03A04C329D6E527001E64B1 /* EditFavoriteView.swift */; };
		D0FAE3F429D59CEC00B7F01C /* FavoriteView.swift in Sources */ = {isa = PBXBuildFile; fileRef = D0FAE3F329D59CEC00B7F01C /* FavoriteView.swift */; };
		D0FAE3F629D5AA3C00B7F01C /* ExperienceView.swift in Sources */ = {isa = PBXBuildFile; fileRef = D0FAE3F529D5AA3C00B7F01C /* ExperienceView.swift */; };
		D0FAE3F829D5CCFB00B7F01C /* ContentView.swift in Sources */ = {isa = PBXBuildFile; fileRef = D0FAE3F729D5CCFB00B7F01C /* ContentView.swift */; };
		D60632A429D58CC400FEAFB5 /* DetailView.swift in Sources */ = {isa = PBXBuildFile; fileRef = D60632A329D58CC400FEAFB5 /* DetailView.swift */; };
		D60632A629D596F600FEAFB5 /* DigimonDetails.swift in Sources */ = {isa = PBXBuildFile; fileRef = D60632A529D596F600FEAFB5 /* DigimonDetails.swift */; };
		D60632AA29D5AC2600FEAFB5 /* DescriptionView.swift in Sources */ = {isa = PBXBuildFile; fileRef = D60632A929D5AC2600FEAFB5 /* DescriptionView.swift */; };
		D60632AC29D5B18F00FEAFB5 /* DescriptionButtonView.swift in Sources */ = {isa = PBXBuildFile; fileRef = D60632AB29D5B18F00FEAFB5 /* DescriptionButtonView.swift */; };
		D638C86829CAFC84003A3628 /* IOS_DigiviceApp.swift in Sources */ = {isa = PBXBuildFile; fileRef = D638C86729CAFC84003A3628 /* IOS_DigiviceApp.swift */; };
		D638C86C29CAFC85003A3628 /* Assets.xcassets in Resources */ = {isa = PBXBuildFile; fileRef = D638C86B29CAFC85003A3628 /* Assets.xcassets */; };
		D638C87029CAFC85003A3628 /* Preview Assets.xcassets in Resources */ = {isa = PBXBuildFile; fileRef = D638C86F29CAFC85003A3628 /* Preview Assets.xcassets */; };
		D638C87A29CAFC85003A3628 /* IOS_DigiviceTests.swift in Sources */ = {isa = PBXBuildFile; fileRef = D638C87929CAFC85003A3628 /* IOS_DigiviceTests.swift */; };
		D638C88429CAFC85003A3628 /* IOS_DigiviceUITests.swift in Sources */ = {isa = PBXBuildFile; fileRef = D638C88329CAFC85003A3628 /* IOS_DigiviceUITests.swift */; };
		D638C88629CAFC85003A3628 /* IOS_DigiviceUITestsLaunchTests.swift in Sources */ = {isa = PBXBuildFile; fileRef = D638C88529CAFC85003A3628 /* IOS_DigiviceUITestsLaunchTests.swift */; };
		D638C89329CB0725003A3628 /* DigimonAPI.swift in Sources */ = {isa = PBXBuildFile; fileRef = D638C89229CB0725003A3628 /* DigimonAPI.swift */; };
		D638C89529CB0A57003A3628 /* HomeView.swift in Sources */ = {isa = PBXBuildFile; fileRef = D638C89429CB0A57003A3628 /* HomeView.swift */; };
		D67DD17529D1C59B00ADF5F8 /* DigimonListItem.swift in Sources */ = {isa = PBXBuildFile; fileRef = D67DD17429D1C59B00ADF5F8 /* DigimonListItem.swift */; };
		D6D0287C29D5754A00A27E00 /* SplashView.swift in Sources */ = {isa = PBXBuildFile; fileRef = D6D0287B29D5754A00A27E00 /* SplashView.swift */; };
		D6D0288029D5883B00A27E00 /* FavoriteView.swift in Sources */ = {isa = PBXBuildFile; fileRef = D6D0287F29D5883B00A27E00 /* FavoriteView.swift */; };
/* End PBXBuildFile section */

/* Begin PBXContainerItemProxy section */
		D638C87629CAFC85003A3628 /* PBXContainerItemProxy */ = {
			isa = PBXContainerItemProxy;
			containerPortal = D638C85C29CAFC84003A3628 /* Project object */;
			proxyType = 1;
			remoteGlobalIDString = D638C86329CAFC84003A3628;
			remoteInfo = "IOS-Digivice";
		};
		D638C88029CAFC85003A3628 /* PBXContainerItemProxy */ = {
			isa = PBXContainerItemProxy;
			containerPortal = D638C85C29CAFC84003A3628 /* Project object */;
			proxyType = 1;
			remoteGlobalIDString = D638C86329CAFC84003A3628;
			remoteInfo = "IOS-Digivice";
		};
/* End PBXContainerItemProxy section */

/* Begin PBXFileReference section */
		D03A04C329D6E527001E64B1 /* EditFavoriteView.swift */ = {isa = PBXFileReference; lastKnownFileType = sourcecode.swift; path = EditFavoriteView.swift; sourceTree = "<group>"; };
		D0FAE3F329D59CEC00B7F01C /* FavoriteView.swift */ = {isa = PBXFileReference; lastKnownFileType = sourcecode.swift; path = FavoriteView.swift; sourceTree = "<group>"; };
		D0FAE3F529D5AA3C00B7F01C /* ExperienceView.swift */ = {isa = PBXFileReference; lastKnownFileType = sourcecode.swift; path = ExperienceView.swift; sourceTree = "<group>"; };
		D0FAE3F729D5CCFB00B7F01C /* ContentView.swift */ = {isa = PBXFileReference; lastKnownFileType = sourcecode.swift; path = ContentView.swift; sourceTree = "<group>"; };
		D60632A329D58CC400FEAFB5 /* DetailView.swift */ = {isa = PBXFileReference; lastKnownFileType = sourcecode.swift; path = DetailView.swift; sourceTree = "<group>"; };
		D60632A529D596F600FEAFB5 /* DigimonDetails.swift */ = {isa = PBXFileReference; lastKnownFileType = sourcecode.swift; path = DigimonDetails.swift; sourceTree = "<group>"; };
		D60632A929D5AC2600FEAFB5 /* DescriptionView.swift */ = {isa = PBXFileReference; lastKnownFileType = sourcecode.swift; path = DescriptionView.swift; sourceTree = "<group>"; };
		D60632AB29D5B18F00FEAFB5 /* DescriptionButtonView.swift */ = {isa = PBXFileReference; lastKnownFileType = sourcecode.swift; path = DescriptionButtonView.swift; sourceTree = "<group>"; };
		D638C86429CAFC84003A3628 /* IOS-Digivice.app */ = {isa = PBXFileReference; explicitFileType = wrapper.application; includeInIndex = 0; path = "IOS-Digivice.app"; sourceTree = BUILT_PRODUCTS_DIR; };
		D638C86729CAFC84003A3628 /* IOS_DigiviceApp.swift */ = {isa = PBXFileReference; lastKnownFileType = sourcecode.swift; path = IOS_DigiviceApp.swift; sourceTree = "<group>"; };
		D638C86B29CAFC85003A3628 /* Assets.xcassets */ = {isa = PBXFileReference; lastKnownFileType = folder.assetcatalog; path = Assets.xcassets; sourceTree = "<group>"; };
		D638C86D29CAFC85003A3628 /* IOS_Digivice.entitlements */ = {isa = PBXFileReference; lastKnownFileType = text.plist.entitlements; path = IOS_Digivice.entitlements; sourceTree = "<group>"; };
		D638C86F29CAFC85003A3628 /* Preview Assets.xcassets */ = {isa = PBXFileReference; lastKnownFileType = folder.assetcatalog; path = "Preview Assets.xcassets"; sourceTree = "<group>"; };
		D638C87529CAFC85003A3628 /* IOS-DigiviceTests.xctest */ = {isa = PBXFileReference; explicitFileType = wrapper.cfbundle; includeInIndex = 0; path = "IOS-DigiviceTests.xctest"; sourceTree = BUILT_PRODUCTS_DIR; };
		D638C87929CAFC85003A3628 /* IOS_DigiviceTests.swift */ = {isa = PBXFileReference; lastKnownFileType = sourcecode.swift; path = IOS_DigiviceTests.swift; sourceTree = "<group>"; };
		D638C87F29CAFC85003A3628 /* IOS-DigiviceUITests.xctest */ = {isa = PBXFileReference; explicitFileType = wrapper.cfbundle; includeInIndex = 0; path = "IOS-DigiviceUITests.xctest"; sourceTree = BUILT_PRODUCTS_DIR; };
		D638C88329CAFC85003A3628 /* IOS_DigiviceUITests.swift */ = {isa = PBXFileReference; lastKnownFileType = sourcecode.swift; path = IOS_DigiviceUITests.swift; sourceTree = "<group>"; };
		D638C88529CAFC85003A3628 /* IOS_DigiviceUITestsLaunchTests.swift */ = {isa = PBXFileReference; lastKnownFileType = sourcecode.swift; path = IOS_DigiviceUITestsLaunchTests.swift; sourceTree = "<group>"; };
		D638C89229CB0725003A3628 /* DigimonAPI.swift */ = {isa = PBXFileReference; lastKnownFileType = sourcecode.swift; path = DigimonAPI.swift; sourceTree = "<group>"; };
		D638C89429CB0A57003A3628 /* HomeView.swift */ = {isa = PBXFileReference; lastKnownFileType = sourcecode.swift; path = HomeView.swift; sourceTree = "<group>"; };
		D67DD17429D1C59B00ADF5F8 /* DigimonListItem.swift */ = {isa = PBXFileReference; lastKnownFileType = sourcecode.swift; path = DigimonListItem.swift; sourceTree = "<group>"; };
		D6D0287B29D5754A00A27E00 /* SplashView.swift */ = {isa = PBXFileReference; lastKnownFileType = sourcecode.swift; path = SplashView.swift; sourceTree = "<group>"; };
		D6D0287F29D5883B00A27E00 /* FavoriteView.swift */ = {isa = PBXFileReference; lastKnownFileType = sourcecode.swift; path = FavoriteView.swift; sourceTree = "<group>"; };
/* End PBXFileReference section */

/* Begin PBXFrameworksBuildPhase section */
		D638C86129CAFC84003A3628 /* Frameworks */ = {
			isa = PBXFrameworksBuildPhase;
			buildActionMask = 2147483647;
			files = (
			);
			runOnlyForDeploymentPostprocessing = 0;
		};
		D638C87229CAFC85003A3628 /* Frameworks */ = {
			isa = PBXFrameworksBuildPhase;
			buildActionMask = 2147483647;
			files = (
			);
			runOnlyForDeploymentPostprocessing = 0;
		};
		D638C87C29CAFC85003A3628 /* Frameworks */ = {
			isa = PBXFrameworksBuildPhase;
			buildActionMask = 2147483647;
			files = (
			);
			runOnlyForDeploymentPostprocessing = 0;
		};
/* End PBXFrameworksBuildPhase section */

/* Begin PBXGroup section */
		D638C85B29CAFC84003A3628 = {
			isa = PBXGroup;
			children = (
				D638C86629CAFC84003A3628 /* IOS-Digivice */,
				D638C87829CAFC85003A3628 /* IOS-DigiviceTests */,
				D638C88229CAFC85003A3628 /* IOS-DigiviceUITests */,
				D638C86529CAFC84003A3628 /* Products */,
			);
			sourceTree = "<group>";
		};
		D638C86529CAFC84003A3628 /* Products */ = {
			isa = PBXGroup;
			children = (
				D638C86429CAFC84003A3628 /* IOS-Digivice.app */,
				D638C87529CAFC85003A3628 /* IOS-DigiviceTests.xctest */,
				D638C87F29CAFC85003A3628 /* IOS-DigiviceUITests.xctest */,
			);
			name = Products;
			sourceTree = "<group>";
		};
		D638C86629CAFC84003A3628 /* IOS-Digivice */ = {
			isa = PBXGroup;
			children = (
				D67DD17229D1C57000ADF5F8 /* View */,
				D638C86729CAFC84003A3628 /* IOS_DigiviceApp.swift */,
				D638C86B29CAFC85003A3628 /* Assets.xcassets */,
				D638C86D29CAFC85003A3628 /* IOS_Digivice.entitlements */,
				D638C86E29CAFC85003A3628 /* Preview Content */,
				D638C89229CB0725003A3628 /* DigimonAPI.swift */,
				D638C89429CB0A57003A3628 /* HomeView.swift */,
				D6D0287B29D5754A00A27E00 /* SplashView.swift */,
				D0FAE3F329D59CEC00B7F01C /* FavoriteView.swift */,
				D0FAE3F729D5CCFB00B7F01C /* ContentView.swift */,
				D6D0287F29D5883B00A27E00 /* FavoriteView.swift */,
				D60632A329D58CC400FEAFB5 /* DetailView.swift */,
			);
			path = "IOS-Digivice";
			sourceTree = "<group>";
		};
		D638C86E29CAFC85003A3628 /* Preview Content */ = {
			isa = PBXGroup;
			children = (
				D638C86F29CAFC85003A3628 /* Preview Assets.xcassets */,
			);
			path = "Preview Content";
			sourceTree = "<group>";
		};
		D638C87829CAFC85003A3628 /* IOS-DigiviceTests */ = {
			isa = PBXGroup;
			children = (
				D638C87929CAFC85003A3628 /* IOS_DigiviceTests.swift */,
			);
			path = "IOS-DigiviceTests";
			sourceTree = "<group>";
		};
		D638C88229CAFC85003A3628 /* IOS-DigiviceUITests */ = {
			isa = PBXGroup;
			children = (
				D638C88329CAFC85003A3628 /* IOS_DigiviceUITests.swift */,
				D638C88529CAFC85003A3628 /* IOS_DigiviceUITestsLaunchTests.swift */,
			);
			path = "IOS-DigiviceUITests";
			sourceTree = "<group>";
		};
		D67DD17229D1C57000ADF5F8 /* View */ = {
			isa = PBXGroup;
			children = (
				D67DD17329D1C58600ADF5F8 /* Component */,
			);
			name = View;
			sourceTree = "<group>";
		};
		D67DD17329D1C58600ADF5F8 /* Component */ = {
			isa = PBXGroup;
			children = (
				D67DD17429D1C59B00ADF5F8 /* DigimonListItem.swift */,
				D60632A529D596F600FEAFB5 /* DigimonDetails.swift */,
				D60632A929D5AC2600FEAFB5 /* DescriptionView.swift */,
				D60632AB29D5B18F00FEAFB5 /* DescriptionButtonView.swift */,
				D0FAE3F529D5AA3C00B7F01C /* ExperienceView.swift */,
				D03A04C329D6E527001E64B1 /* EditFavoriteView.swift */,
			);
			path = Component;
			sourceTree = "<group>";
		};
/* End PBXGroup section */

/* Begin PBXNativeTarget section */
		D638C86329CAFC84003A3628 /* IOS-Digivice */ = {
			isa = PBXNativeTarget;
			buildConfigurationList = D638C88929CAFC85003A3628 /* Build configuration list for PBXNativeTarget "IOS-Digivice" */;
			buildPhases = (
				D638C86029CAFC84003A3628 /* Sources */,
				D638C86129CAFC84003A3628 /* Frameworks */,
				D638C86229CAFC84003A3628 /* Resources */,
			);
			buildRules = (
			);
			dependencies = (
			);
			name = "IOS-Digivice";
			productName = "IOS-Digivice";
			productReference = D638C86429CAFC84003A3628 /* IOS-Digivice.app */;
			productType = "com.apple.product-type.application";
		};
		D638C87429CAFC85003A3628 /* IOS-DigiviceTests */ = {
			isa = PBXNativeTarget;
			buildConfigurationList = D638C88C29CAFC85003A3628 /* Build configuration list for PBXNativeTarget "IOS-DigiviceTests" */;
			buildPhases = (
				D638C87129CAFC85003A3628 /* Sources */,
				D638C87229CAFC85003A3628 /* Frameworks */,
				D638C87329CAFC85003A3628 /* Resources */,
			);
			buildRules = (
			);
			dependencies = (
				D638C87729CAFC85003A3628 /* PBXTargetDependency */,
			);
			name = "IOS-DigiviceTests";
			productName = "IOS-DigiviceTests";
			productReference = D638C87529CAFC85003A3628 /* IOS-DigiviceTests.xctest */;
			productType = "com.apple.product-type.bundle.unit-test";
		};
		D638C87E29CAFC85003A3628 /* IOS-DigiviceUITests */ = {
			isa = PBXNativeTarget;
			buildConfigurationList = D638C88F29CAFC85003A3628 /* Build configuration list for PBXNativeTarget "IOS-DigiviceUITests" */;
			buildPhases = (
				D638C87B29CAFC85003A3628 /* Sources */,
				D638C87C29CAFC85003A3628 /* Frameworks */,
				D638C87D29CAFC85003A3628 /* Resources */,
			);
			buildRules = (
			);
			dependencies = (
				D638C88129CAFC85003A3628 /* PBXTargetDependency */,
			);
			name = "IOS-DigiviceUITests";
			productName = "IOS-DigiviceUITests";
			productReference = D638C87F29CAFC85003A3628 /* IOS-DigiviceUITests.xctest */;
			productType = "com.apple.product-type.bundle.ui-testing";
		};
/* End PBXNativeTarget section */

/* Begin PBXProject section */
		D638C85C29CAFC84003A3628 /* Project object */ = {
			isa = PBXProject;
			attributes = {
				BuildIndependentTargetsInParallel = 1;
				LastSwiftUpdateCheck = 1420;
				LastUpgradeCheck = 1420;
				TargetAttributes = {
					D638C86329CAFC84003A3628 = {
						CreatedOnToolsVersion = 14.2;
					};
					D638C87429CAFC85003A3628 = {
						CreatedOnToolsVersion = 14.2;
						TestTargetID = D638C86329CAFC84003A3628;
					};
					D638C87E29CAFC85003A3628 = {
						CreatedOnToolsVersion = 14.2;
						TestTargetID = D638C86329CAFC84003A3628;
					};
				};
			};
			buildConfigurationList = D638C85F29CAFC84003A3628 /* Build configuration list for PBXProject "IOS-Digivice" */;
			compatibilityVersion = "Xcode 14.0";
			developmentRegion = en;
			hasScannedForEncodings = 0;
			knownRegions = (
				en,
				Base,
			);
			mainGroup = D638C85B29CAFC84003A3628;
			productRefGroup = D638C86529CAFC84003A3628 /* Products */;
			projectDirPath = "";
			projectRoot = "";
			targets = (
				D638C86329CAFC84003A3628 /* IOS-Digivice */,
				D638C87429CAFC85003A3628 /* IOS-DigiviceTests */,
				D638C87E29CAFC85003A3628 /* IOS-DigiviceUITests */,
			);
		};
/* End PBXProject section */

/* Begin PBXResourcesBuildPhase section */
		D638C86229CAFC84003A3628 /* Resources */ = {
			isa = PBXResourcesBuildPhase;
			buildActionMask = 2147483647;
			files = (
				D638C87029CAFC85003A3628 /* Preview Assets.xcassets in Resources */,
				D638C86C29CAFC85003A3628 /* Assets.xcassets in Resources */,
			);
			runOnlyForDeploymentPostprocessing = 0;
		};
		D638C87329CAFC85003A3628 /* Resources */ = {
			isa = PBXResourcesBuildPhase;
			buildActionMask = 2147483647;
			files = (
			);
			runOnlyForDeploymentPostprocessing = 0;
		};
		D638C87D29CAFC85003A3628 /* Resources */ = {
			isa = PBXResourcesBuildPhase;
			buildActionMask = 2147483647;
			files = (
			);
			runOnlyForDeploymentPostprocessing = 0;
		};
/* End PBXResourcesBuildPhase section */

/* Begin PBXSourcesBuildPhase section */
		D638C86029CAFC84003A3628 /* Sources */ = {
			isa = PBXSourcesBuildPhase;
			buildActionMask = 2147483647;
			files = (
				D6D0287C29D5754A00A27E00 /* SplashView.swift in Sources */,
				D03A04C429D6E527001E64B1 /* EditFavoriteView.swift in Sources */,
				D60632A429D58CC400FEAFB5 /* DetailView.swift in Sources */,
				D67DD17529D1C59B00ADF5F8 /* DigimonListItem.swift in Sources */,
				D0FAE3F829D5CCFB00B7F01C /* ContentView.swift in Sources */,
				D6D0288029D5883B00A27E00 /* FavoriteView.swift in Sources */,
				D60632AC29D5B18F00FEAFB5 /* DescriptionButtonView.swift in Sources */,
				D60632A629D596F600FEAFB5 /* DigimonDetails.swift in Sources */,
				D638C89529CB0A57003A3628 /* HomeView.swift in Sources */,
				D638C89329CB0725003A3628 /* DigimonAPI.swift in Sources */,
				D0FAE3F429D59CEC00B7F01C /* FavoriteView.swift in Sources */,
				D0FAE3F629D5AA3C00B7F01C /* ExperienceView.swift in Sources */,
				D638C86829CAFC84003A3628 /* IOS_DigiviceApp.swift in Sources */,
				D60632AA29D5AC2600FEAFB5 /* DescriptionView.swift in Sources */,
			);
			runOnlyForDeploymentPostprocessing = 0;
		};
		D638C87129CAFC85003A3628 /* Sources */ = {
			isa = PBXSourcesBuildPhase;
			buildActionMask = 2147483647;
			files = (
				D638C87A29CAFC85003A3628 /* IOS_DigiviceTests.swift in Sources */,
			);
			runOnlyForDeploymentPostprocessing = 0;
		};
		D638C87B29CAFC85003A3628 /* Sources */ = {
			isa = PBXSourcesBuildPhase;
			buildActionMask = 2147483647;
			files = (
				D638C88629CAFC85003A3628 /* IOS_DigiviceUITestsLaunchTests.swift in Sources */,
				D638C88429CAFC85003A3628 /* IOS_DigiviceUITests.swift in Sources */,
			);
			runOnlyForDeploymentPostprocessing = 0;
		};
/* End PBXSourcesBuildPhase section */

/* Begin PBXTargetDependency section */
		D638C87729CAFC85003A3628 /* PBXTargetDependency */ = {
			isa = PBXTargetDependency;
			target = D638C86329CAFC84003A3628 /* IOS-Digivice */;
			targetProxy = D638C87629CAFC85003A3628 /* PBXContainerItemProxy */;
		};
		D638C88129CAFC85003A3628 /* PBXTargetDependency */ = {
			isa = PBXTargetDependency;
			target = D638C86329CAFC84003A3628 /* IOS-Digivice */;
			targetProxy = D638C88029CAFC85003A3628 /* PBXContainerItemProxy */;
		};
/* End PBXTargetDependency section */

/* Begin XCBuildConfiguration section */
		D638C88729CAFC85003A3628 /* Debug */ = {
			isa = XCBuildConfiguration;
			buildSettings = {
				ALWAYS_SEARCH_USER_PATHS = NO;
				CLANG_ANALYZER_NONNULL = YES;
				CLANG_ANALYZER_NUMBER_OBJECT_CONVERSION = YES_AGGRESSIVE;
				CLANG_CXX_LANGUAGE_STANDARD = "gnu++20";
				CLANG_ENABLE_MODULES = YES;
				CLANG_ENABLE_OBJC_ARC = YES;
				CLANG_ENABLE_OBJC_WEAK = YES;
				CLANG_WARN_BLOCK_CAPTURE_AUTORELEASING = YES;
				CLANG_WARN_BOOL_CONVERSION = YES;
				CLANG_WARN_COMMA = YES;
				CLANG_WARN_CONSTANT_CONVERSION = YES;
				CLANG_WARN_DEPRECATED_OBJC_IMPLEMENTATIONS = YES;
				CLANG_WARN_DIRECT_OBJC_ISA_USAGE = YES_ERROR;
				CLANG_WARN_DOCUMENTATION_COMMENTS = YES;
				CLANG_WARN_EMPTY_BODY = YES;
				CLANG_WARN_ENUM_CONVERSION = YES;
				CLANG_WARN_INFINITE_RECURSION = YES;
				CLANG_WARN_INT_CONVERSION = YES;
				CLANG_WARN_NON_LITERAL_NULL_CONVERSION = YES;
				CLANG_WARN_OBJC_IMPLICIT_RETAIN_SELF = YES;
				CLANG_WARN_OBJC_LITERAL_CONVERSION = YES;
				CLANG_WARN_OBJC_ROOT_CLASS = YES_ERROR;
				CLANG_WARN_QUOTED_INCLUDE_IN_FRAMEWORK_HEADER = YES;
				CLANG_WARN_RANGE_LOOP_ANALYSIS = YES;
				CLANG_WARN_STRICT_PROTOTYPES = YES;
				CLANG_WARN_SUSPICIOUS_MOVE = YES;
				CLANG_WARN_UNGUARDED_AVAILABILITY = YES_AGGRESSIVE;
				CLANG_WARN_UNREACHABLE_CODE = YES;
				CLANG_WARN__DUPLICATE_METHOD_MATCH = YES;
				COPY_PHASE_STRIP = NO;
				DEBUG_INFORMATION_FORMAT = dwarf;
				ENABLE_STRICT_OBJC_MSGSEND = YES;
				ENABLE_TESTABILITY = YES;
				GCC_C_LANGUAGE_STANDARD = gnu11;
				GCC_DYNAMIC_NO_PIC = NO;
				GCC_NO_COMMON_BLOCKS = YES;
				GCC_OPTIMIZATION_LEVEL = 0;
				GCC_PREPROCESSOR_DEFINITIONS = (
					"DEBUG=1",
					"$(inherited)",
				);
				GCC_WARN_64_TO_32_BIT_CONVERSION = YES;
				GCC_WARN_ABOUT_RETURN_TYPE = YES_ERROR;
				GCC_WARN_UNDECLARED_SELECTOR = YES;
				GCC_WARN_UNINITIALIZED_AUTOS = YES_AGGRESSIVE;
				GCC_WARN_UNUSED_FUNCTION = YES;
				GCC_WARN_UNUSED_VARIABLE = YES;
				MTL_ENABLE_DEBUG_INFO = INCLUDE_SOURCE;
				MTL_FAST_MATH = YES;
				ONLY_ACTIVE_ARCH = YES;
				SWIFT_ACTIVE_COMPILATION_CONDITIONS = DEBUG;
				SWIFT_OPTIMIZATION_LEVEL = "-Onone";
			};
			name = Debug;
		};
		D638C88829CAFC85003A3628 /* Release */ = {
			isa = XCBuildConfiguration;
			buildSettings = {
				ALWAYS_SEARCH_USER_PATHS = NO;
				CLANG_ANALYZER_NONNULL = YES;
				CLANG_ANALYZER_NUMBER_OBJECT_CONVERSION = YES_AGGRESSIVE;
				CLANG_CXX_LANGUAGE_STANDARD = "gnu++20";
				CLANG_ENABLE_MODULES = YES;
				CLANG_ENABLE_OBJC_ARC = YES;
				CLANG_ENABLE_OBJC_WEAK = YES;
				CLANG_WARN_BLOCK_CAPTURE_AUTORELEASING = YES;
				CLANG_WARN_BOOL_CONVERSION = YES;
				CLANG_WARN_COMMA = YES;
				CLANG_WARN_CONSTANT_CONVERSION = YES;
				CLANG_WARN_DEPRECATED_OBJC_IMPLEMENTATIONS = YES;
				CLANG_WARN_DIRECT_OBJC_ISA_USAGE = YES_ERROR;
				CLANG_WARN_DOCUMENTATION_COMMENTS = YES;
				CLANG_WARN_EMPTY_BODY = YES;
				CLANG_WARN_ENUM_CONVERSION = YES;
				CLANG_WARN_INFINITE_RECURSION = YES;
				CLANG_WARN_INT_CONVERSION = YES;
				CLANG_WARN_NON_LITERAL_NULL_CONVERSION = YES;
				CLANG_WARN_OBJC_IMPLICIT_RETAIN_SELF = YES;
				CLANG_WARN_OBJC_LITERAL_CONVERSION = YES;
				CLANG_WARN_OBJC_ROOT_CLASS = YES_ERROR;
				CLANG_WARN_QUOTED_INCLUDE_IN_FRAMEWORK_HEADER = YES;
				CLANG_WARN_RANGE_LOOP_ANALYSIS = YES;
				CLANG_WARN_STRICT_PROTOTYPES = YES;
				CLANG_WARN_SUSPICIOUS_MOVE = YES;
				CLANG_WARN_UNGUARDED_AVAILABILITY = YES_AGGRESSIVE;
				CLANG_WARN_UNREACHABLE_CODE = YES;
				CLANG_WARN__DUPLICATE_METHOD_MATCH = YES;
				COPY_PHASE_STRIP = NO;
				DEBUG_INFORMATION_FORMAT = "dwarf-with-dsym";
				ENABLE_NS_ASSERTIONS = NO;
				ENABLE_STRICT_OBJC_MSGSEND = YES;
				GCC_C_LANGUAGE_STANDARD = gnu11;
				GCC_NO_COMMON_BLOCKS = YES;
				GCC_WARN_64_TO_32_BIT_CONVERSION = YES;
				GCC_WARN_ABOUT_RETURN_TYPE = YES_ERROR;
				GCC_WARN_UNDECLARED_SELECTOR = YES;
				GCC_WARN_UNINITIALIZED_AUTOS = YES_AGGRESSIVE;
				GCC_WARN_UNUSED_FUNCTION = YES;
				GCC_WARN_UNUSED_VARIABLE = YES;
				MTL_ENABLE_DEBUG_INFO = NO;
				MTL_FAST_MATH = YES;
				SWIFT_COMPILATION_MODE = wholemodule;
				SWIFT_OPTIMIZATION_LEVEL = "-O";
			};
			name = Release;
		};
		D638C88A29CAFC85003A3628 /* Debug */ = {
			isa = XCBuildConfiguration;
			buildSettings = {
				ASSETCATALOG_COMPILER_APPICON_NAME = AppIcon;
				ASSETCATALOG_COMPILER_GLOBAL_ACCENT_COLOR_NAME = AccentColor;
				CODE_SIGN_ENTITLEMENTS = "IOS-Digivice/IOS_Digivice.entitlements";
				CODE_SIGN_STYLE = Automatic;
				CURRENT_PROJECT_VERSION = 1;
				DEVELOPMENT_ASSET_PATHS = "\"IOS-Digivice/Preview Content\"";
				ENABLE_PREVIEWS = YES;
				GENERATE_INFOPLIST_FILE = YES;
				"INFOPLIST_KEY_UIApplicationSceneManifest_Generation[sdk=iphoneos*]" = YES;
				"INFOPLIST_KEY_UIApplicationSceneManifest_Generation[sdk=iphonesimulator*]" = YES;
				"INFOPLIST_KEY_UIApplicationSupportsIndirectInputEvents[sdk=iphoneos*]" = YES;
				"INFOPLIST_KEY_UIApplicationSupportsIndirectInputEvents[sdk=iphonesimulator*]" = YES;
				"INFOPLIST_KEY_UILaunchScreen_Generation[sdk=iphoneos*]" = YES;
				"INFOPLIST_KEY_UILaunchScreen_Generation[sdk=iphonesimulator*]" = YES;
				"INFOPLIST_KEY_UIStatusBarStyle[sdk=iphoneos*]" = UIStatusBarStyleDefault;
				"INFOPLIST_KEY_UIStatusBarStyle[sdk=iphonesimulator*]" = UIStatusBarStyleDefault;
				INFOPLIST_KEY_UISupportedInterfaceOrientations_iPad = "UIInterfaceOrientationPortrait UIInterfaceOrientationPortraitUpsideDown UIInterfaceOrientationLandscapeLeft UIInterfaceOrientationLandscapeRight";
				INFOPLIST_KEY_UISupportedInterfaceOrientations_iPhone = "UIInterfaceOrientationPortrait UIInterfaceOrientationLandscapeLeft UIInterfaceOrientationLandscapeRight";
				IPHONEOS_DEPLOYMENT_TARGET = 16.2;
				LD_RUNPATH_SEARCH_PATHS = "@executable_path/Frameworks";
				"LD_RUNPATH_SEARCH_PATHS[sdk=macosx*]" = "@executable_path/../Frameworks";
				MACOSX_DEPLOYMENT_TARGET = 12.6;
				MARKETING_VERSION = 1.0;
				PRODUCT_BUNDLE_IDENTIFIER = "Avans.IOS-Digivice";
				PRODUCT_NAME = "$(TARGET_NAME)";
				SDKROOT = auto;
				SUPPORTED_PLATFORMS = "iphoneos iphonesimulator macosx";
				SWIFT_EMIT_LOC_STRINGS = YES;
				SWIFT_VERSION = 5.0;
				TARGETED_DEVICE_FAMILY = "1,2";
			};
			name = Debug;
		};
		D638C88B29CAFC85003A3628 /* Release */ = {
			isa = XCBuildConfiguration;
			buildSettings = {
				ASSETCATALOG_COMPILER_APPICON_NAME = AppIcon;
				ASSETCATALOG_COMPILER_GLOBAL_ACCENT_COLOR_NAME = AccentColor;
				CODE_SIGN_ENTITLEMENTS = "IOS-Digivice/IOS_Digivice.entitlements";
				CODE_SIGN_STYLE = Automatic;
				CURRENT_PROJECT_VERSION = 1;
				DEVELOPMENT_ASSET_PATHS = "\"IOS-Digivice/Preview Content\"";
				ENABLE_PREVIEWS = YES;
				GENERATE_INFOPLIST_FILE = YES;
				"INFOPLIST_KEY_UIApplicationSceneManifest_Generation[sdk=iphoneos*]" = YES;
				"INFOPLIST_KEY_UIApplicationSceneManifest_Generation[sdk=iphonesimulator*]" = YES;
				"INFOPLIST_KEY_UIApplicationSupportsIndirectInputEvents[sdk=iphoneos*]" = YES;
				"INFOPLIST_KEY_UIApplicationSupportsIndirectInputEvents[sdk=iphonesimulator*]" = YES;
				"INFOPLIST_KEY_UILaunchScreen_Generation[sdk=iphoneos*]" = YES;
				"INFOPLIST_KEY_UILaunchScreen_Generation[sdk=iphonesimulator*]" = YES;
				"INFOPLIST_KEY_UIStatusBarStyle[sdk=iphoneos*]" = UIStatusBarStyleDefault;
				"INFOPLIST_KEY_UIStatusBarStyle[sdk=iphonesimulator*]" = UIStatusBarStyleDefault;
				INFOPLIST_KEY_UISupportedInterfaceOrientations_iPad = "UIInterfaceOrientationPortrait UIInterfaceOrientationPortraitUpsideDown UIInterfaceOrientationLandscapeLeft UIInterfaceOrientationLandscapeRight";
				INFOPLIST_KEY_UISupportedInterfaceOrientations_iPhone = "UIInterfaceOrientationPortrait UIInterfaceOrientationLandscapeLeft UIInterfaceOrientationLandscapeRight";
				IPHONEOS_DEPLOYMENT_TARGET = 16.2;
				LD_RUNPATH_SEARCH_PATHS = "@executable_path/Frameworks";
				"LD_RUNPATH_SEARCH_PATHS[sdk=macosx*]" = "@executable_path/../Frameworks";
				MACOSX_DEPLOYMENT_TARGET = 12.6;
				MARKETING_VERSION = 1.0;
				PRODUCT_BUNDLE_IDENTIFIER = "Avans.IOS-Digivice";
				PRODUCT_NAME = "$(TARGET_NAME)";
				SDKROOT = auto;
				SUPPORTED_PLATFORMS = "iphoneos iphonesimulator macosx";
				SWIFT_EMIT_LOC_STRINGS = YES;
				SWIFT_VERSION = 5.0;
				TARGETED_DEVICE_FAMILY = "1,2";
			};
			name = Release;
		};
		D638C88D29CAFC85003A3628 /* Debug */ = {
			isa = XCBuildConfiguration;
			buildSettings = {
				ALWAYS_EMBED_SWIFT_STANDARD_LIBRARIES = YES;
				BUNDLE_LOADER = "$(TEST_HOST)";
				CODE_SIGN_STYLE = Automatic;
				CURRENT_PROJECT_VERSION = 1;
				GENERATE_INFOPLIST_FILE = YES;
				IPHONEOS_DEPLOYMENT_TARGET = 16.2;
				MACOSX_DEPLOYMENT_TARGET = 12.6;
				MARKETING_VERSION = 1.0;
				PRODUCT_BUNDLE_IDENTIFIER = "Avans.IOS-DigiviceTests";
				PRODUCT_NAME = "$(TARGET_NAME)";
				SDKROOT = auto;
				SUPPORTED_PLATFORMS = "iphoneos iphonesimulator macosx";
				SWIFT_EMIT_LOC_STRINGS = NO;
				SWIFT_VERSION = 5.0;
				TARGETED_DEVICE_FAMILY = "1,2";
				TEST_HOST = "$(BUILT_PRODUCTS_DIR)/IOS-Digivice.app/$(BUNDLE_EXECUTABLE_FOLDER_PATH)/IOS-Digivice";
			};
			name = Debug;
		};
		D638C88E29CAFC85003A3628 /* Release */ = {
			isa = XCBuildConfiguration;
			buildSettings = {
				ALWAYS_EMBED_SWIFT_STANDARD_LIBRARIES = YES;
				BUNDLE_LOADER = "$(TEST_HOST)";
				CODE_SIGN_STYLE = Automatic;
				CURRENT_PROJECT_VERSION = 1;
				GENERATE_INFOPLIST_FILE = YES;
				IPHONEOS_DEPLOYMENT_TARGET = 16.2;
				MACOSX_DEPLOYMENT_TARGET = 12.6;
				MARKETING_VERSION = 1.0;
				PRODUCT_BUNDLE_IDENTIFIER = "Avans.IOS-DigiviceTests";
				PRODUCT_NAME = "$(TARGET_NAME)";
				SDKROOT = auto;
				SUPPORTED_PLATFORMS = "iphoneos iphonesimulator macosx";
				SWIFT_EMIT_LOC_STRINGS = NO;
				SWIFT_VERSION = 5.0;
				TARGETED_DEVICE_FAMILY = "1,2";
				TEST_HOST = "$(BUILT_PRODUCTS_DIR)/IOS-Digivice.app/$(BUNDLE_EXECUTABLE_FOLDER_PATH)/IOS-Digivice";
			};
			name = Release;
		};
		D638C89029CAFC85003A3628 /* Debug */ = {
			isa = XCBuildConfiguration;
			buildSettings = {
				ALWAYS_EMBED_SWIFT_STANDARD_LIBRARIES = YES;
				CODE_SIGN_STYLE = Automatic;
				CURRENT_PROJECT_VERSION = 1;
				GENERATE_INFOPLIST_FILE = YES;
				IPHONEOS_DEPLOYMENT_TARGET = 16.2;
				MACOSX_DEPLOYMENT_TARGET = 12.6;
				MARKETING_VERSION = 1.0;
				PRODUCT_BUNDLE_IDENTIFIER = "Avans.IOS-DigiviceUITests";
				PRODUCT_NAME = "$(TARGET_NAME)";
				SDKROOT = auto;
				SUPPORTED_PLATFORMS = "iphoneos iphonesimulator macosx";
				SWIFT_EMIT_LOC_STRINGS = NO;
				SWIFT_VERSION = 5.0;
				TARGETED_DEVICE_FAMILY = "1,2";
				TEST_TARGET_NAME = "IOS-Digivice";
			};
			name = Debug;
		};
		D638C89129CAFC85003A3628 /* Release */ = {
			isa = XCBuildConfiguration;
			buildSettings = {
				ALWAYS_EMBED_SWIFT_STANDARD_LIBRARIES = YES;
				CODE_SIGN_STYLE = Automatic;
				CURRENT_PROJECT_VERSION = 1;
				GENERATE_INFOPLIST_FILE = YES;
				IPHONEOS_DEPLOYMENT_TARGET = 16.2;
				MACOSX_DEPLOYMENT_TARGET = 12.6;
				MARKETING_VERSION = 1.0;
				PRODUCT_BUNDLE_IDENTIFIER = "Avans.IOS-DigiviceUITests";
				PRODUCT_NAME = "$(TARGET_NAME)";
				SDKROOT = auto;
				SUPPORTED_PLATFORMS = "iphoneos iphonesimulator macosx";
				SWIFT_EMIT_LOC_STRINGS = NO;
				SWIFT_VERSION = 5.0;
				TARGETED_DEVICE_FAMILY = "1,2";
				TEST_TARGET_NAME = "IOS-Digivice";
			};
			name = Release;
		};
/* End XCBuildConfiguration section */

/* Begin XCConfigurationList section */
		D638C85F29CAFC84003A3628 /* Build configuration list for PBXProject "IOS-Digivice" */ = {
			isa = XCConfigurationList;
			buildConfigurations = (
				D638C88729CAFC85003A3628 /* Debug */,
				D638C88829CAFC85003A3628 /* Release */,
			);
			defaultConfigurationIsVisible = 0;
			defaultConfigurationName = Release;
		};
		D638C88929CAFC85003A3628 /* Build configuration list for PBXNativeTarget "IOS-Digivice" */ = {
			isa = XCConfigurationList;
			buildConfigurations = (
				D638C88A29CAFC85003A3628 /* Debug */,
				D638C88B29CAFC85003A3628 /* Release */,
			);
			defaultConfigurationIsVisible = 0;
			defaultConfigurationName = Release;
		};
		D638C88C29CAFC85003A3628 /* Build configuration list for PBXNativeTarget "IOS-DigiviceTests" */ = {
			isa = XCConfigurationList;
			buildConfigurations = (
				D638C88D29CAFC85003A3628 /* Debug */,
				D638C88E29CAFC85003A3628 /* Release */,
			);
			defaultConfigurationIsVisible = 0;
			defaultConfigurationName = Release;
		};
		D638C88F29CAFC85003A3628 /* Build configuration list for PBXNativeTarget "IOS-DigiviceUITests" */ = {
			isa = XCConfigurationList;
			buildConfigurations = (
				D638C89029CAFC85003A3628 /* Debug */,
				D638C89129CAFC85003A3628 /* Release */,
			);
			defaultConfigurationIsVisible = 0;
			defaultConfigurationName = Release;
		};
/* End XCConfigurationList section */
	};
	rootObject = D638C85C29CAFC84003A3628 /* Project object */;
}
